
Microsoft Visual Studio Solution File, Format Version 12.00
# Visual Studio Version 17
VisualStudioVersion = 17.4.33205.214
MinimumVisualStudioVersion = 10.0.40219.1
Project("{FAE04EC0-301F-11D3-BF4B-00C04F79EFBC}") = "Tetris", "Tetris\Tetris.csproj", "{79074FCE-6D0D-4BCF-8899-37E81AF1E25D}"
EndProject
Global
	GlobalSection(SolutionConfigurationPlatforms) = preSolution
		Debug|Any CPU = Debug|Any CPU
		Release|Any CPU = Release|Any CPU
	EndGlobalSection
	GlobalSection(ProjectConfigurationPlatforms) = postSolution
		{79074FCE-6D0D-4BCF-8899-37E81AF1E25D}.Debug|Any CPU.ActiveCfg = Debug|Any CPU
		{79074FCE-6D0D-4BCF-8899-37E81AF1E25D}.Debug|Any CPU.Build.0 = Debug|Any CPU
		{79074FCE-6D0D-4BCF-8899-37E81AF1E25D}.Release|Any CPU.ActiveCfg = Release|Any CPU
		{79074FCE-6D0D-4BCF-8899-37E81AF1E25D}.Release|Any CPU.Build.0 = Release|Any CPU
	EndGlobalSection
	GlobalSection(SolutionProperties) = preSolution
		HideSolutionNode = FALSE
	EndGlobalSection
	GlobalSection(ExtensibilityGlobals) = postSolution
		SolutionGuid = {F589361E-C96C-4062-8018-8905E295A720}
	EndGlobalSection
EndGlobal
